
Microsoft Visual Studio Solution File, Format Version 12.00
# Visual Studio 15
VisualStudioVersion = 15.0.27428.2043
MinimumVisualStudioVersion = 10.0.40219.1
Project("{FAE04EC0-301F-11D3-BF4B-00C04F79EFBC}") = "SpeedWalkerWebApi", "SpeedWalkerWebApi\SpeedWalkerWebApi.csproj", "{A79E55BD-A830-4CA0-BBD8-8029F515191B}"
EndProject
Global
	GlobalSection(SolutionConfigurationPlatforms) = preSolution
		Debug|Any CPU = Debug|Any CPU
		Release|Any CPU = Release|Any CPU
	EndGlobalSection
	GlobalSection(ProjectConfigurationPlatforms) = postSolution
		{A79E55BD-A830-4CA0-BBD8-8029F515191B}.Debug|Any CPU.ActiveCfg = Debug|Any CPU
		{A79E55BD-A830-4CA0-BBD8-8029F515191B}.Debug|Any CPU.Build.0 = Debug|Any CPU
		{A79E55BD-A830-4CA0-BBD8-8029F515191B}.Release|Any CPU.ActiveCfg = Release|Any CPU
		{A79E55BD-A830-4CA0-BBD8-8029F515191B}.Release|Any CPU.Build.0 = Release|Any CPU
	EndGlobalSection
	GlobalSection(SolutionProperties) = preSolution
		HideSolutionNode = FALSE
	EndGlobalSection
	GlobalSection(ExtensibilityGlobals) = postSolution
		SolutionGuid = {B16AAC3D-5913-45B8-BF7D-BB47578D3BE8}
	EndGlobalSection
EndGlobal
